
Microsoft Visual Studio Solution File, Format Version 12.00
# Visual Studio Version 17
VisualStudioVersion = 17.5.33627.172
MinimumVisualStudioVersion = 10.0.40219.1
Project("{FAE04EC0-301F-11D3-BF4B-00C04F79EFBC}") = "S001", "S001\S001.csproj", "{3E1E8E59-95FB-4BAB-A01D-C68644F8FC71}"
EndProject
Global
	GlobalSection(SolutionConfigurationPlatforms) = preSolution
		Debug|Any CPU = Debug|Any CPU
		Release|Any CPU = Release|Any CPU
	EndGlobalSection
	GlobalSection(ProjectConfigurationPlatforms) = postSolution
		{3E1E8E59-95FB-4BAB-A01D-C68644F8FC71}.Debug|Any CPU.ActiveCfg = Debug|Any CPU
		{3E1E8E59-95FB-4BAB-A01D-C68644F8FC71}.Debug|Any CPU.Build.0 = Debug|Any CPU
		{3E1E8E59-95FB-4BAB-A01D-C68644F8FC71}.Release|Any CPU.ActiveCfg = Release|Any CPU
		{3E1E8E59-95FB-4BAB-A01D-C68644F8FC71}.Release|Any CPU.Build.0 = Release|Any CPU
	EndGlobalSection
	GlobalSection(SolutionProperties) = preSolution
		HideSolutionNode = FALSE
	EndGlobalSection
	GlobalSection(ExtensibilityGlobals) = postSolution
		SolutionGuid = {39234886-A846-481F-8DF5-7CF5FBB03ADA}
	EndGlobalSection
EndGlobal
